
Microsoft Visual Studio Solution File, Format Version 12.00
# Visual Studio Version 17
VisualStudioVersion = 17.8.34408.163
MinimumVisualStudioVersion = 10.0.40219.1
Project("{FAE04EC0-301F-11D3-BF4B-00C04F79EFBC}") = "MonEndoVue.Server", "MonEndoVue.Server\MonEndoVue.Server.csproj", "{8EDE5616-B8C9-475C-B9BA-11531735BF0A}"
EndProject
Project("{54A90642-561A-4BB1-A94E-469ADEE60C69}") = "monendovue.client", "monendovue.client\monendovue.client.esproj", "{5B3AF86B-B2C1-4A90-934A-9EA62CCFCE54}"
EndProject
Global
	GlobalSection(SolutionConfigurationPlatforms) = preSolution
		Debug|Any CPU = Debug|Any CPU
		Release|Any CPU = Release|Any CPU
	EndGlobalSection
	GlobalSection(ProjectConfigurationPlatforms) = postSolution
		{8EDE5616-B8C9-475C-B9BA-11531735BF0A}.Debug|Any CPU.ActiveCfg = Debug|Any CPU
		{8EDE5616-B8C9-475C-B9BA-11531735BF0A}.Debug|Any CPU.Build.0 = Debug|Any CPU
		{8EDE5616-B8C9-475C-B9BA-11531735BF0A}.Release|Any CPU.ActiveCfg = Release|Any CPU
		{8EDE5616-B8C9-475C-B9BA-11531735BF0A}.Release|Any CPU.Build.0 = Release|Any CPU
		{5B3AF86B-B2C1-4A90-934A-9EA62CCFCE54}.Debug|Any CPU.ActiveCfg = Debug|Any CPU
		{5B3AF86B-B2C1-4A90-934A-9EA62CCFCE54}.Debug|Any CPU.Build.0 = Debug|Any CPU
		{5B3AF86B-B2C1-4A90-934A-9EA62CCFCE54}.Debug|Any CPU.Deploy.0 = Debug|Any CPU
		{5B3AF86B-B2C1-4A90-934A-9EA62CCFCE54}.Release|Any CPU.ActiveCfg = Release|Any CPU
		{5B3AF86B-B2C1-4A90-934A-9EA62CCFCE54}.Release|Any CPU.Build.0 = Release|Any CPU
		{5B3AF86B-B2C1-4A90-934A-9EA62CCFCE54}.Release|Any CPU.Deploy.0 = Release|Any CPU
	EndGlobalSection
	GlobalSection(SolutionProperties) = preSolution
		HideSolutionNode = FALSE
	EndGlobalSection
	GlobalSection(ExtensibilityGlobals) = postSolution
		SolutionGuid = {D3060004-10E9-4181-88CC-952C3F154393}
	EndGlobalSection
EndGlobal
